
Microsoft Visual Studio Solution File, Format Version 12.00
# Visual Studio Version 17
VisualStudioVersion = 17.7.34031.279
MinimumVisualStudioVersion = 10.0.40219.1
Project("{9A19103F-16F7-4668-BE54-9A1E7A4F7556}") = "MVC-App", "MVC-App.csproj", "{7800A47A-F07C-4203-93FD-63DA71300F92}"
EndProject
Project("{FAE04EC0-301F-11D3-BF4B-00C04F79EFBC}") = "Entities", "Entities\Entities.csproj", "{753A6334-C2A1-4771-AD22-1EB8E46F2CA4}"
EndProject
Project("{FAE04EC0-301F-11D3-BF4B-00C04F79EFBC}") = "Repositories", "Repositories\Repositories.csproj", "{64B8E7DD-1487-49EB-BD02-68868E26C58C}"
EndProject
Global
	GlobalSection(SolutionConfigurationPlatforms) = preSolution
		Debug|Any CPU = Debug|Any CPU
		Release|Any CPU = Release|Any CPU
	EndGlobalSection
	GlobalSection(ProjectConfigurationPlatforms) = postSolution
		{7800A47A-F07C-4203-93FD-63DA71300F92}.Debug|Any CPU.ActiveCfg = Debug|Any CPU
		{7800A47A-F07C-4203-93FD-63DA71300F92}.Debug|Any CPU.Build.0 = Debug|Any CPU
		{7800A47A-F07C-4203-93FD-63DA71300F92}.Release|Any CPU.ActiveCfg = Release|Any CPU
		{7800A47A-F07C-4203-93FD-63DA71300F92}.Release|Any CPU.Build.0 = Release|Any CPU
		{753A6334-C2A1-4771-AD22-1EB8E46F2CA4}.Debug|Any CPU.ActiveCfg = Debug|Any CPU
		{753A6334-C2A1-4771-AD22-1EB8E46F2CA4}.Debug|Any CPU.Build.0 = Debug|Any CPU
		{753A6334-C2A1-4771-AD22-1EB8E46F2CA4}.Release|Any CPU.ActiveCfg = Release|Any CPU
		{753A6334-C2A1-4771-AD22-1EB8E46F2CA4}.Release|Any CPU.Build.0 = Release|Any CPU
		{64B8E7DD-1487-49EB-BD02-68868E26C58C}.Debug|Any CPU.ActiveCfg = Debug|Any CPU
		{64B8E7DD-1487-49EB-BD02-68868E26C58C}.Debug|Any CPU.Build.0 = Debug|Any CPU
		{64B8E7DD-1487-49EB-BD02-68868E26C58C}.Release|Any CPU.ActiveCfg = Release|Any CPU
		{64B8E7DD-1487-49EB-BD02-68868E26C58C}.Release|Any CPU.Build.0 = Release|Any CPU
	EndGlobalSection
	GlobalSection(SolutionProperties) = preSolution
		HideSolutionNode = FALSE
	EndGlobalSection
	GlobalSection(ExtensibilityGlobals) = postSolution
		SolutionGuid = {BAB69BA2-27CC-48BF-A392-B7F4BD683C1F}
	EndGlobalSection
EndGlobal
