
Microsoft Visual Studio Solution File, Format Version 12.00
# Visual Studio Version 17
VisualStudioVersion = 17.7.34031.279
MinimumVisualStudioVersion = 10.0.40219.1
Project("{FAE04EC0-301F-11D3-BF4B-00C04F79EFBC}") = "Unit-Testing-Assignment", "Unit-Testing-Assignment\Unit-Testing-Assignment.csproj", "{5EBEEB7F-F8FB-4D1D-B0F7-3422F56934E3}"
EndProject
Project("{FAE04EC0-301F-11D3-BF4B-00C04F79EFBC}") = "Tests", "Tests\Tests.csproj", "{FE409407-0370-4509-8F54-B24DA711A5EE}"
EndProject
Global
	GlobalSection(SolutionConfigurationPlatforms) = preSolution
		Debug|Any CPU = Debug|Any CPU
		Release|Any CPU = Release|Any CPU
	EndGlobalSection
	GlobalSection(ProjectConfigurationPlatforms) = postSolution
		{5EBEEB7F-F8FB-4D1D-B0F7-3422F56934E3}.Debug|Any CPU.ActiveCfg = Debug|Any CPU
		{5EBEEB7F-F8FB-4D1D-B0F7-3422F56934E3}.Debug|Any CPU.Build.0 = Debug|Any CPU
		{5EBEEB7F-F8FB-4D1D-B0F7-3422F56934E3}.Release|Any CPU.ActiveCfg = Release|Any CPU
		{5EBEEB7F-F8FB-4D1D-B0F7-3422F56934E3}.Release|Any CPU.Build.0 = Release|Any CPU
		{FE409407-0370-4509-8F54-B24DA711A5EE}.Debug|Any CPU.ActiveCfg = Debug|Any CPU
		{FE409407-0370-4509-8F54-B24DA711A5EE}.Debug|Any CPU.Build.0 = Debug|Any CPU
		{FE409407-0370-4509-8F54-B24DA711A5EE}.Release|Any CPU.ActiveCfg = Release|Any CPU
		{FE409407-0370-4509-8F54-B24DA711A5EE}.Release|Any CPU.Build.0 = Release|Any CPU
	EndGlobalSection
	GlobalSection(SolutionProperties) = preSolution
		HideSolutionNode = FALSE
	EndGlobalSection
	GlobalSection(ExtensibilityGlobals) = postSolution
		SolutionGuid = {84117F6A-EAF0-4EBA-AE6A-096FA10E5BD4}
	EndGlobalSection
EndGlobal
